<?xml version="1.0" encoding="utf-8"?>
<Project ToolsVersion="4.0" xmlns="http://schemas.microsoft.com/developer/msbuild/2003">
  <ItemGroup>
    <Filter Include="Source Files">
      <UniqueIdentifier>{4FC737F1-C7A5-4376-A066-2A32D752A2FF}</UniqueIdentifier>
      <Extensions>cpp;c;cc;cxx;def;odl;idl;hpj;bat;asm;asmx</Extensions>
    </Filter>
    <Filter Include="Header Files">
      <UniqueIdentifier>{93995380-89BD-4b04-88EB-625FBE52EBFB}</UniqueIdentifier>
      <Extensions>h;hh;hpp;hxx;hm;inl;inc;xsd</Extensions>
    </Filter>
    <Filter Include="DLL%27s">
      <UniqueIdentifier>{69345ac9-a6a6-4d2f-b202-32df0dbd2a78}</UniqueIdentifier>
    </Filter>
    <Filter Include="Library">
      <UniqueIdentifier>{cfcc8d06-5697-4746-9dc1-e827286d737e}</UniqueIdentifier>
    </Filter>
    <Filter Include="Library\Source">
      <UniqueIdentifier>{ae670d4a-63ff-4bcb-beae-e2d55f5471ca}</UniqueIdentifier>
    </Filter>
    <Filter Include="Library\Header">
      <UniqueIdentifier>{add5a7fc-29c5-47ad-8a32-cdd794dafcaa}</UniqueIdentifier>
    </Filter>
    <Filter Include="Library\Pathfinding">
      <UniqueIdentifier>{64ded09b-4dfa-4d6c-80ad-b97c87dbcb72}</UniqueIdentifier>
    </Filter>
    <Filter Include="Library\Pathfinding\Source">
      <UniqueIdentifier>{aae31822-a9a9-477b-a5a2-f80bda37dbb7}</UniqueIdentifier>
    </Filter>
    <Filter Include="Library\Pathfinding\Header">
      <UniqueIdentifier>{43324e06-a5d4-48c5-aee7-20e8d8db3522}</UniqueIdentifier>
    </Filter>
    <Filter Include="Source Files\FSM">
      <UniqueIdentifier>{62b26a77-d1bc-42fc-896c-f6a3d1327808}</UniqueIdentifier>
    </Filter>
    <Filter Include="Header Files\FSM">
      <UniqueIdentifier>{6635c754-000c-4867-9316-16be171b83e9}</UniqueIdentifier>
    </Filter>
  </ItemGroup>
  <ItemGroup>
    <ClCompile Include="Main.cpp">
      <Filter>Source Files</Filter>
    </ClCompile>
    <ClCompile Include="FWApplication.cpp">
      <Filter>Source Files</Filter>
    </ClCompile>
    <ClCompile Include="Vector.cpp">
      <Filter>Library\Source</Filter>
    </ClCompile>
    <ClCompile Include="Point.cpp">
      <Filter>Library\Source</Filter>
    </ClCompile>
    <ClCompile Include="Graph.cpp">
      <Filter>Library\Pathfinding\Source</Filter>
    </ClCompile>
    <ClCompile Include="Node.cpp">
      <Filter>Library\Pathfinding\Source</Filter>
    </ClCompile>
    <ClCompile Include="Edge.cpp">
      <Filter>Library\Pathfinding\Source</Filter>
    </ClCompile>
    <ClCompile Include="Cow.cpp">
      <Filter>Source Files</Filter>
    </ClCompile>
    <ClCompile Include="Hare.cpp">
      <Filter>Source Files</Filter>
    </ClCompile>
    <ClCompile Include="Animal.cpp">
      <Filter>Source Files</Filter>
    </ClCompile>
    <ClCompile Include="CowStates.cpp">
      <Filter>Source Files\FSM</Filter>
    </ClCompile>
    <ClCompile Include="HareStates.cpp">
      <Filter>Source Files\FSM</Filter>
    </ClCompile>
    <ClCompile Include="StateFactory.cpp">
      <Filter>Source Files\FSM</Filter>
    </ClCompile>
  </ItemGroup>
  <ItemGroup>
    <None Include="libfreetype-6.dll">
      <Filter>DLL%27s</Filter>
    </None>
    <None Include="libjpeg-9.dll">
      <Filter>DLL%27s</Filter>
    </None>
    <None Include="libpng16-16.dll">
      <Filter>DLL%27s</Filter>
    </None>
    <None Include="libtiff-5.dll">
      <Filter>DLL%27s</Filter>
    </None>
    <None Include="libwebp-4.dll">
      <Filter>DLL%27s</Filter>
    </None>
    <None Include="SDL2.dll">
      <Filter>DLL%27s</Filter>
    </None>
    <None Include="SDL2_image.dll">
      <Filter>DLL%27s</Filter>
    </None>
    <None Include="SDL2_ttf.dll">
      <Filter>DLL%27s</Filter>
    </None>
    <None Include="zlib1.dll">
      <Filter>DLL%27s</Filter>
    </None>
  </ItemGroup>
  <ItemGroup>
    <ClInclude Include="Config.h">
      <Filter>Header Files</Filter>
    </ClInclude>
    <ClInclude Include="FWApplication.h">
      <Filter>Header Files</Filter>
    </ClInclude>
    <ClInclude Include="IGameObject.h">
      <Filter>Header Files</Filter>
    </ClInclude>
    <ClInclude Include="Point.h">
      <Filter>Library\Header</Filter>
    </ClInclude>
    <ClInclude Include="Vector.h">
      <Filter>Library\Header</Filter>
    </ClInclude>
    <ClInclude Include="Graph.h">
      <Filter>Library\Pathfinding\Header</Filter>
    </ClInclude>
    <ClInclude Include="Cow.h">
      <Filter>Header Files</Filter>
    </ClInclude>
    <ClInclude Include="Hare.h">
      <Filter>Header Files</Filter>
    </ClInclude>
    <ClInclude Include="Animal.h">
      <Filter>Header Files</Filter>
    </ClInclude>
    <ClInclude Include="CowStates.h">
      <Filter>Header Files\FSM</Filter>
    </ClInclude>
    <ClInclude Include="HareStates.h">
      <Filter>Header Files\FSM</Filter>
    </ClInclude>
    <ClInclude Include="State.h">
      <Filter>Header Files\FSM</Filter>
    </ClInclude>
    <ClInclude Include="StateMachine.h">
      <Filter>Header Files\FSM</Filter>
    </ClInclude>
    <ClInclude Include="StateEnum.h">
      <Filter>Header Files\FSM</Filter>
    </ClInclude>
    <ClInclude Include="Edge.h">
      <Filter>Library\Pathfinding\Header</Filter>
    </ClInclude>
    <ClInclude Include="Node.h">
      <Filter>Library\Pathfinding\Header</Filter>
    </ClInclude>
    <ClInclude Include="StateMachine2.h">
      <Filter>Header Files\FSM</Filter>
    </ClInclude>
    <ClInclude Include="IAnimalState.h">
      <Filter>Header Files\FSM</Filter>
    </ClInclude>
  </ItemGroup>
</Project>